
Microsoft Visual Studio Solution File, Format Version 12.00
# Visual Studio Version 17
VisualStudioVersion = 17.6.33829.357
MinimumVisualStudioVersion = 10.0.40219.1
Project("{FAE04EC0-301F-11D3-BF4B-00C04F79EFBC}") = "Herencia", "Herencia.csproj", "{B9A5F224-DC77-4E4A-A206-67544340868A}"
EndProject
Global
	GlobalSection(SolutionConfigurationPlatforms) = preSolution
		Debug|Any CPU = Debug|Any CPU
		Release|Any CPU = Release|Any CPU
	EndGlobalSection
	GlobalSection(ProjectConfigurationPlatforms) = postSolution
		{B9A5F224-DC77-4E4A-A206-67544340868A}.Debug|Any CPU.ActiveCfg = Debug|Any CPU
		{B9A5F224-DC77-4E4A-A206-67544340868A}.Debug|Any CPU.Build.0 = Debug|Any CPU
		{B9A5F224-DC77-4E4A-A206-67544340868A}.Release|Any CPU.ActiveCfg = Release|Any CPU
		{B9A5F224-DC77-4E4A-A206-67544340868A}.Release|Any CPU.Build.0 = Release|Any CPU
	EndGlobalSection
	GlobalSection(SolutionProperties) = preSolution
		HideSolutionNode = FALSE
	EndGlobalSection
	GlobalSection(ExtensibilityGlobals) = postSolution
		SolutionGuid = {52156404-4DB5-4F9F-99CD-F5B2CB3C1B47}
	EndGlobalSection
EndGlobal
