
Microsoft Visual Studio Solution File, Format Version 12.00
# Visual Studio Version 17
VisualStudioVersion = 17.7.34009.444
MinimumVisualStudioVersion = 10.0.40219.1
Project("{FAE04EC0-301F-11D3-BF4B-00C04F79EFBC}") = "EjerciciosProgramacion", "EjerciciosProgramacion\EjerciciosProgramacion.csproj", "{065DB0AC-8E47-44B6-A5B4-FFBC91E693D0}"
EndProject
Global
	GlobalSection(SolutionConfigurationPlatforms) = preSolution
		Debug|Any CPU = Debug|Any CPU
		Release|Any CPU = Release|Any CPU
	EndGlobalSection
	GlobalSection(ProjectConfigurationPlatforms) = postSolution
		{065DB0AC-8E47-44B6-A5B4-FFBC91E693D0}.Debug|Any CPU.ActiveCfg = Debug|Any CPU
		{065DB0AC-8E47-44B6-A5B4-FFBC91E693D0}.Debug|Any CPU.Build.0 = Debug|Any CPU
		{065DB0AC-8E47-44B6-A5B4-FFBC91E693D0}.Release|Any CPU.ActiveCfg = Release|Any CPU
		{065DB0AC-8E47-44B6-A5B4-FFBC91E693D0}.Release|Any CPU.Build.0 = Release|Any CPU
	EndGlobalSection
	GlobalSection(SolutionProperties) = preSolution
		HideSolutionNode = FALSE
	EndGlobalSection
	GlobalSection(ExtensibilityGlobals) = postSolution
		SolutionGuid = {53EEDFB4-B1B2-402D-A850-8ED21AEE2FB6}
	EndGlobalSection
EndGlobal
